
Microsoft Visual Studio Solution File, Format Version 12.00
# Visual Studio 14
VisualStudioVersion = 14.0.24720.0
MinimumVisualStudioVersion = 10.0.40219.1
Project("{2150E333-8FDC-42A3-9474-1A3956D46DE8}") = "BusinessLogic", "BusinessLogic", "{4F797745-1F32-4D47-BA2D-9487E21D4748}"
EndProject
Project("{2150E333-8FDC-42A3-9474-1A3956D46DE8}") = "CrossCuttingConcerns", "CrossCuttingConcerns", "{A3D7CD4D-E996-49B3-A7B7-73B3C5FD0F97}"
EndProject
Project("{2150E333-8FDC-42A3-9474-1A3956D46DE8}") = "Clients", "Clients", "{9D56D458-690A-4A16-BC95-737D5D39661A}"
EndProject
Project("{2150E333-8FDC-42A3-9474-1A3956D46DE8}") = "Repositories", "Repositories", "{B0F3131D-635A-4F9F-9508-82C71C0104A0}"
EndProject
Project("{2150E333-8FDC-42A3-9474-1A3956D46DE8}") = "Domain", "Domain", "{47258453-96F2-414B-8B04-DAED0883CA71}"
EndProject
Project("{2150E333-8FDC-42A3-9474-1A3956D46DE8}") = "Documentation", "Documentation", "{4CEA9C11-4927-4BE2-9017-0696B1EA65C2}"
EndProject
Project("{FAE04EC0-301F-11D3-BF4B-00C04F79EFBC}") = "AttenuationCalculation", "AttenuationCalculation\AttenuationCalculation.csproj", "{F721503D-26A7-485A-9790-25CA6CF6AA50}"
EndProject
Project("{FAE04EC0-301F-11D3-BF4B-00C04F79EFBC}") = "AttenuationCalculationTests", "AttenuationCalculationTests\AttenuationCalculationTests.csproj", "{59D0FC68-0037-48C7-A0A0-FDA4DE78CB80}"
EndProject
Project("{FAE04EC0-301F-11D3-BF4B-00C04F79EFBC}") = "Core", "Core\Core.csproj", "{95C999DB-A87A-406E-9685-925FED80C362}"
EndProject
Project("{FAE04EC0-301F-11D3-BF4B-00C04F79EFBC}") = "AlcoholCalculation", "AlcoholCalculation\AlcoholCalculation.csproj", "{D595D4CC-5114-44AC-B4DC-313597E804FF}"
EndProject
Project("{FAE04EC0-301F-11D3-BF4B-00C04F79EFBC}") = "AlcoholCalculationTests", "AlcoholCalculationTests\AlcoholCalculationTests.csproj", "{BBAEA5A6-828D-497C-AD78-F76AA15651F1}"
EndProject
Project("{FAE04EC0-301F-11D3-BF4B-00C04F79EFBC}") = "BoilOffCalculation", "BoilOffCalculator\BoilOffCalculation.csproj", "{DF4D33E4-13C1-466C-8DBE-FEC8B00B9F15}"
EndProject
Project("{FAE04EC0-301F-11D3-BF4B-00C04F79EFBC}") = "BoilOffCalculationTests", "BoilOffCalculationTests\BoilOffCalculationTests.csproj", "{360D5856-2135-442C-95ED-E4D26DFF1737}"
EndProject
Project("{FAE04EC0-301F-11D3-BF4B-00C04F79EFBC}") = "VolumeShrinkageFromCoolingCalculationTests", "VolumeShrinkageFromCoolingCalculation\VolumeShrinkageFromCoolingCalculationTests.csproj", "{DF787505-786B-426A-B062-E45A95D032D5}"
EndProject
Project("{FAE04EC0-301F-11D3-BF4B-00C04F79EFBC}") = "VolumeShrinkageFromCoolingCalculation", "VolumeShrinkageFromCoolingCalculationClass\VolumeShrinkageFromCoolingCalculation.csproj", "{EF235474-1461-4F71-86EA-D804EDA1AF75}"
EndProject
Project("{FAE04EC0-301F-11D3-BF4B-00C04F79EFBC}") = "FinalVolumeCalculation", "FinalVolumeCalculation\FinalVolumeCalculation.csproj", "{685529E2-8F60-4FAA-A577-DC70EE17495A}"
EndProject
Project("{FAE04EC0-301F-11D3-BF4B-00C04F79EFBC}") = "FinalVolumeCalculationTests", "FinalVolumeCalculationTests\FinalVolumeCalculationTests.csproj", "{7EDC82F3-0392-4C76-83A5-C194AD20A24D}"
EndProject
Project("{FAE04EC0-301F-11D3-BF4B-00C04F79EFBC}") = "FinalGravityCalculationTests", "FinalGravityCalculationTests\FinalGravityCalculationTests.csproj", "{2A7C78DC-3472-4D13-8607-1C3C931F1730}"
EndProject
Project("{FAE04EC0-301F-11D3-BF4B-00C04F79EFBC}") = "FinalGravityCalculation", "FinalGravityCalculation\FinalGravityCalculation.csproj", "{F1886C0D-1EAA-46F6-BD3B-B1605231CD54}"
EndProject
Project("{FAE04EC0-301F-11D3-BF4B-00C04F79EFBC}") = "CarbonationCalculation", "CarbonationCalculation\CarbonationCalculation.csproj", "{D35245C0-BD6B-4C52-87A2-5A94DF85C3DC}"
EndProject
Project("{FAE04EC0-301F-11D3-BF4B-00C04F79EFBC}") = "CarbonationCalculationTests", "CarbonationCalculationTests\CarbonationCalculationTests.csproj", "{BEDF83A6-5271-4DC9-ADAB-3744A3281834}"
EndProject
Project("{FAE04EC0-301F-11D3-BF4B-00C04F79EFBC}") = "DecoctionVolumeCalculationTests", "DecoctionVolumeCalculationTests\DecoctionVolumeCalculationTests.csproj", "{EDF636CC-7B5E-4A1E-9010-B4663A041873}"
EndProject
Project("{FAE04EC0-301F-11D3-BF4B-00C04F79EFBC}") = "DecoctionVolumeCalculation", "DecoctionVolumeCalculation\DecoctionVolumeCalculation.csproj", "{C672D7E0-2CF3-4054-AA8D-489FA74722A4}"
EndProject
Project("{FAE04EC0-301F-11D3-BF4B-00C04F79EFBC}") = "DilutionCalculation", "DilutionCalculation\DilutionCalculation.csproj", "{1EBFBE4C-3A7E-4447-8D23-564F89C659A9}"
EndProject
Project("{FAE04EC0-301F-11D3-BF4B-00C04F79EFBC}") = "DilutionCalculationTests", "DilutionCalculationTests\DilutionCalculationTests.csproj", "{4A515B1E-FC2A-413A-BF24-5F5519006145}"
EndProject
Project("{FAE04EC0-301F-11D3-BF4B-00C04F79EFBC}") = "HydrometerAdjustCalculationTests", "HydrometerAdjustCalculationTests\HydrometerAdjustCalculationTests.csproj", "{926300C0-876B-48D1-90B5-668A7E4FB4C8}"
EndProject
Project("{FAE04EC0-301F-11D3-BF4B-00C04F79EFBC}") = "HydrometerAdjustCalculation", "HydrometerAdjustCalculation\HydrometerAdjustCalculation.csproj", "{4E7C453F-D103-455E-B003-2026624CA2BF}"
EndProject
Project("{FAE04EC0-301F-11D3-BF4B-00C04F79EFBC}") = "IbuCalculation", "IbuCalculation\IbuCalculation.csproj", "{9FD3E3E2-2AE9-411E-9D79-D054FD183409}"
EndProject
Project("{FAE04EC0-301F-11D3-BF4B-00C04F79EFBC}") = "IbuCalculationTests", "IbuCalculationTests\IbuCalculationTests.csproj", "{13266BEA-9D94-4394-B0A6-C33450E5C547}"
EndProject
Project("{FAE04EC0-301F-11D3-BF4B-00C04F79EFBC}") = "RefactometerCorrectionCalculationTests", "RefactometerCorrectionCalculationTests\RefactometerCorrectionCalculationTests.csproj", "{AC2B1253-59E8-436B-B528-534C3D2F7960}"
EndProject
Project("{FAE04EC0-301F-11D3-BF4B-00C04F79EFBC}") = "RefactometerCorrectionCalculation", "RefactometerCorrectionCalculation\RefactometerCorrectionCalculation.csproj", "{826095B7-CE1E-4337-806C-FB7DEF7D1EF0}"
EndProject
Project("{FAE04EC0-301F-11D3-BF4B-00C04F79EFBC}") = "StrikeInfusionCalculation", "StrikeInfusionCalculation\StrikeInfusionCalculation.csproj", "{49B1249A-847B-4AC5-BD56-7ACA6396A9A1}"
EndProject
Project("{FAE04EC0-301F-11D3-BF4B-00C04F79EFBC}") = "StrikeInfusionCalculationTests", "StrikeInfusionCalculationTests\StrikeInfusionCalculationTests.csproj", "{81DBB4BD-1F5D-4A85-8D82-D01B8CE88C9A}"
EndProject
Project("{FAE04EC0-301F-11D3-BF4B-00C04F79EFBC}") = "WaterNeededCalculationTests", "WaterNeededCalculationTests\WaterNeededCalculationTests.csproj", "{BF844319-7E01-4E40-BAFE-7F9849711343}"
EndProject
Project("{FAE04EC0-301F-11D3-BF4B-00C04F79EFBC}") = "WaterNeededCalculation", "WaterNeededCalculation\WaterNeededCalculation.csproj", "{2CA5E46E-2338-4D23-88FA-C8235827DCF4}"
EndProject
Project("{FAE04EC0-301F-11D3-BF4B-00C04F79EFBC}") = "WaterNeededExtractCalculation", "WaterNeededExtractCalculation\WaterNeededExtractCalculation.csproj", "{5FAF68C7-CED0-4514-B98D-652058245443}"
EndProject
Project("{FAE04EC0-301F-11D3-BF4B-00C04F79EFBC}") = "WaterNeededExtractCalculationTests", "WaterNeededExtractCalculationTests\WaterNeededExtractCalculationTests.csproj", "{DA567651-E7D9-4979-9DFC-5EA0357BDA81}"
EndProject
Project("{FAE04EC0-301F-11D3-BF4B-00C04F79EFBC}") = "BeerWeightToVolumeCalculationTests", "BeerWeightToVolumeCalculationTests\BeerWeightToVolumeCalculationTests.csproj", "{ECC1E230-CCB0-48E1-864F-59872D04AACA}"
EndProject
Project("{FAE04EC0-301F-11D3-BF4B-00C04F79EFBC}") = "BeerWeightToVolumeCalculation", "BeerWeightToVolumeCalculation\BeerWeightToVolumeCalculation.csproj", "{B52CDD11-A248-4028-825B-D50AB422D556}"
EndProject
Project("{FAE04EC0-301F-11D3-BF4B-00C04F79EFBC}") = "Core.CalculatedTypeInterpretor", "Core.CalculatedTypeInterpretor\Core.CalculatedTypeInterpretor.csproj", "{D88DE838-48C1-4E2B-9741-7E5B4AD92D79}"
EndProject
Project("{FAE04EC0-301F-11D3-BF4B-00C04F79EFBC}") = "Core.CalculatedTypeInterpretorTests", "Core.CalculatedTypeInterpretorTests\Core.CalculatedTypeInterpretorTests.csproj", "{75A05668-5B24-4EBB-B3B6-3B11265441A1}"
EndProject
Project("{2150E333-8FDC-42A3-9474-1A3956D46DE8}") = "API", "API", "{BEFD7195-738F-48EE-8841-0B579F55D5EA}"
EndProject
Project("{9092AA53-FB77-4645-B42D-1CCCA6BD08BD}") = "BeerBrewing", "BeerBrewing\BeerBrewing.njsproj", "{6E16D313-D080-4F88-99FB-2DB86F63AABD}"
EndProject
Project("{FAE04EC0-301F-11D3-BF4B-00C04F79EFBC}") = "BeerBrewingApi", "BeerBrewingApi\BeerBrewingApi.csproj", "{8B292C81-79BF-4DE4-A436-F8BF376D93FB}"
EndProject
Project("{FAE04EC0-301F-11D3-BF4B-00C04F79EFBC}") = "BeerBrewingApi.Tests", "BeerBrewingApi.Tests\BeerBrewingApi.Tests.csproj", "{4B43DF44-C3DC-411A-A6B6-8A3A8ADA50B5}"
EndProject
Global
	GlobalSection(SolutionConfigurationPlatforms) = preSolution
		Debug|Any CPU = Debug|Any CPU
		Release|Any CPU = Release|Any CPU
	EndGlobalSection
	GlobalSection(ProjectConfigurationPlatforms) = postSolution
		{F721503D-26A7-485A-9790-25CA6CF6AA50}.Debug|Any CPU.ActiveCfg = Debug|Any CPU
		{F721503D-26A7-485A-9790-25CA6CF6AA50}.Debug|Any CPU.Build.0 = Debug|Any CPU
		{F721503D-26A7-485A-9790-25CA6CF6AA50}.Release|Any CPU.ActiveCfg = Release|Any CPU
		{F721503D-26A7-485A-9790-25CA6CF6AA50}.Release|Any CPU.Build.0 = Release|Any CPU
		{59D0FC68-0037-48C7-A0A0-FDA4DE78CB80}.Debug|Any CPU.ActiveCfg = Debug|Any CPU
		{59D0FC68-0037-48C7-A0A0-FDA4DE78CB80}.Debug|Any CPU.Build.0 = Debug|Any CPU
		{59D0FC68-0037-48C7-A0A0-FDA4DE78CB80}.Release|Any CPU.ActiveCfg = Release|Any CPU
		{59D0FC68-0037-48C7-A0A0-FDA4DE78CB80}.Release|Any CPU.Build.0 = Release|Any CPU
		{95C999DB-A87A-406E-9685-925FED80C362}.Debug|Any CPU.ActiveCfg = Debug|Any CPU
		{95C999DB-A87A-406E-9685-925FED80C362}.Debug|Any CPU.Build.0 = Debug|Any CPU
		{95C999DB-A87A-406E-9685-925FED80C362}.Release|Any CPU.ActiveCfg = Release|Any CPU
		{95C999DB-A87A-406E-9685-925FED80C362}.Release|Any CPU.Build.0 = Release|Any CPU
		{D595D4CC-5114-44AC-B4DC-313597E804FF}.Debug|Any CPU.ActiveCfg = Debug|Any CPU
		{D595D4CC-5114-44AC-B4DC-313597E804FF}.Debug|Any CPU.Build.0 = Debug|Any CPU
		{D595D4CC-5114-44AC-B4DC-313597E804FF}.Release|Any CPU.ActiveCfg = Release|Any CPU
		{D595D4CC-5114-44AC-B4DC-313597E804FF}.Release|Any CPU.Build.0 = Release|Any CPU
		{BBAEA5A6-828D-497C-AD78-F76AA15651F1}.Debug|Any CPU.ActiveCfg = Debug|Any CPU
		{BBAEA5A6-828D-497C-AD78-F76AA15651F1}.Debug|Any CPU.Build.0 = Debug|Any CPU
		{BBAEA5A6-828D-497C-AD78-F76AA15651F1}.Release|Any CPU.ActiveCfg = Release|Any CPU
		{BBAEA5A6-828D-497C-AD78-F76AA15651F1}.Release|Any CPU.Build.0 = Release|Any CPU
		{DF4D33E4-13C1-466C-8DBE-FEC8B00B9F15}.Debug|Any CPU.ActiveCfg = Debug|Any CPU
		{DF4D33E4-13C1-466C-8DBE-FEC8B00B9F15}.Debug|Any CPU.Build.0 = Debug|Any CPU
		{DF4D33E4-13C1-466C-8DBE-FEC8B00B9F15}.Release|Any CPU.ActiveCfg = Release|Any CPU
		{DF4D33E4-13C1-466C-8DBE-FEC8B00B9F15}.Release|Any CPU.Build.0 = Release|Any CPU
		{360D5856-2135-442C-95ED-E4D26DFF1737}.Debug|Any CPU.ActiveCfg = Debug|Any CPU
		{360D5856-2135-442C-95ED-E4D26DFF1737}.Debug|Any CPU.Build.0 = Debug|Any CPU
		{360D5856-2135-442C-95ED-E4D26DFF1737}.Release|Any CPU.ActiveCfg = Release|Any CPU
		{360D5856-2135-442C-95ED-E4D26DFF1737}.Release|Any CPU.Build.0 = Release|Any CPU
		{DF787505-786B-426A-B062-E45A95D032D5}.Debug|Any CPU.ActiveCfg = Debug|Any CPU
		{DF787505-786B-426A-B062-E45A95D032D5}.Debug|Any CPU.Build.0 = Debug|Any CPU
		{DF787505-786B-426A-B062-E45A95D032D5}.Release|Any CPU.ActiveCfg = Release|Any CPU
		{DF787505-786B-426A-B062-E45A95D032D5}.Release|Any CPU.Build.0 = Release|Any CPU
		{EF235474-1461-4F71-86EA-D804EDA1AF75}.Debug|Any CPU.ActiveCfg = Debug|Any CPU
		{EF235474-1461-4F71-86EA-D804EDA1AF75}.Debug|Any CPU.Build.0 = Debug|Any CPU
		{EF235474-1461-4F71-86EA-D804EDA1AF75}.Release|Any CPU.ActiveCfg = Release|Any CPU
		{EF235474-1461-4F71-86EA-D804EDA1AF75}.Release|Any CPU.Build.0 = Release|Any CPU
		{685529E2-8F60-4FAA-A577-DC70EE17495A}.Debug|Any CPU.ActiveCfg = Debug|Any CPU
		{685529E2-8F60-4FAA-A577-DC70EE17495A}.Debug|Any CPU.Build.0 = Debug|Any CPU
		{685529E2-8F60-4FAA-A577-DC70EE17495A}.Release|Any CPU.ActiveCfg = Release|Any CPU
		{685529E2-8F60-4FAA-A577-DC70EE17495A}.Release|Any CPU.Build.0 = Release|Any CPU
		{7EDC82F3-0392-4C76-83A5-C194AD20A24D}.Debug|Any CPU.ActiveCfg = Debug|Any CPU
		{7EDC82F3-0392-4C76-83A5-C194AD20A24D}.Debug|Any CPU.Build.0 = Debug|Any CPU
		{7EDC82F3-0392-4C76-83A5-C194AD20A24D}.Release|Any CPU.ActiveCfg = Release|Any CPU
		{7EDC82F3-0392-4C76-83A5-C194AD20A24D}.Release|Any CPU.Build.0 = Release|Any CPU
		{2A7C78DC-3472-4D13-8607-1C3C931F1730}.Debug|Any CPU.ActiveCfg = Debug|Any CPU
		{2A7C78DC-3472-4D13-8607-1C3C931F1730}.Debug|Any CPU.Build.0 = Debug|Any CPU
		{2A7C78DC-3472-4D13-8607-1C3C931F1730}.Release|Any CPU.ActiveCfg = Release|Any CPU
		{2A7C78DC-3472-4D13-8607-1C3C931F1730}.Release|Any CPU.Build.0 = Release|Any CPU
		{F1886C0D-1EAA-46F6-BD3B-B1605231CD54}.Debug|Any CPU.ActiveCfg = Debug|Any CPU
		{F1886C0D-1EAA-46F6-BD3B-B1605231CD54}.Debug|Any CPU.Build.0 = Debug|Any CPU
		{F1886C0D-1EAA-46F6-BD3B-B1605231CD54}.Release|Any CPU.ActiveCfg = Release|Any CPU
		{F1886C0D-1EAA-46F6-BD3B-B1605231CD54}.Release|Any CPU.Build.0 = Release|Any CPU
		{D35245C0-BD6B-4C52-87A2-5A94DF85C3DC}.Debug|Any CPU.ActiveCfg = Debug|Any CPU
		{D35245C0-BD6B-4C52-87A2-5A94DF85C3DC}.Debug|Any CPU.Build.0 = Debug|Any CPU
		{D35245C0-BD6B-4C52-87A2-5A94DF85C3DC}.Release|Any CPU.ActiveCfg = Release|Any CPU
		{D35245C0-BD6B-4C52-87A2-5A94DF85C3DC}.Release|Any CPU.Build.0 = Release|Any CPU
		{BEDF83A6-5271-4DC9-ADAB-3744A3281834}.Debug|Any CPU.ActiveCfg = Debug|Any CPU
		{BEDF83A6-5271-4DC9-ADAB-3744A3281834}.Debug|Any CPU.Build.0 = Debug|Any CPU
		{BEDF83A6-5271-4DC9-ADAB-3744A3281834}.Release|Any CPU.ActiveCfg = Release|Any CPU
		{BEDF83A6-5271-4DC9-ADAB-3744A3281834}.Release|Any CPU.Build.0 = Release|Any CPU
		{EDF636CC-7B5E-4A1E-9010-B4663A041873}.Debug|Any CPU.ActiveCfg = Debug|Any CPU
		{EDF636CC-7B5E-4A1E-9010-B4663A041873}.Debug|Any CPU.Build.0 = Debug|Any CPU
		{EDF636CC-7B5E-4A1E-9010-B4663A041873}.Release|Any CPU.ActiveCfg = Release|Any CPU
		{EDF636CC-7B5E-4A1E-9010-B4663A041873}.Release|Any CPU.Build.0 = Release|Any CPU
		{C672D7E0-2CF3-4054-AA8D-489FA74722A4}.Debug|Any CPU.ActiveCfg = Debug|Any CPU
		{C672D7E0-2CF3-4054-AA8D-489FA74722A4}.Debug|Any CPU.Build.0 = Debug|Any CPU
		{C672D7E0-2CF3-4054-AA8D-489FA74722A4}.Release|Any CPU.ActiveCfg = Release|Any CPU
		{C672D7E0-2CF3-4054-AA8D-489FA74722A4}.Release|Any CPU.Build.0 = Release|Any CPU
		{1EBFBE4C-3A7E-4447-8D23-564F89C659A9}.Debug|Any CPU.ActiveCfg = Debug|Any CPU
		{1EBFBE4C-3A7E-4447-8D23-564F89C659A9}.Debug|Any CPU.Build.0 = Debug|Any CPU
		{1EBFBE4C-3A7E-4447-8D23-564F89C659A9}.Release|Any CPU.ActiveCfg = Release|Any CPU
		{1EBFBE4C-3A7E-4447-8D23-564F89C659A9}.Release|Any CPU.Build.0 = Release|Any CPU
		{4A515B1E-FC2A-413A-BF24-5F5519006145}.Debug|Any CPU.ActiveCfg = Debug|Any CPU
		{4A515B1E-FC2A-413A-BF24-5F5519006145}.Debug|Any CPU.Build.0 = Debug|Any CPU
		{4A515B1E-FC2A-413A-BF24-5F5519006145}.Release|Any CPU.ActiveCfg = Release|Any CPU
		{4A515B1E-FC2A-413A-BF24-5F5519006145}.Release|Any CPU.Build.0 = Release|Any CPU
		{926300C0-876B-48D1-90B5-668A7E4FB4C8}.Debug|Any CPU.ActiveCfg = Debug|Any CPU
		{926300C0-876B-48D1-90B5-668A7E4FB4C8}.Debug|Any CPU.Build.0 = Debug|Any CPU
		{926300C0-876B-48D1-90B5-668A7E4FB4C8}.Release|Any CPU.ActiveCfg = Release|Any CPU
		{926300C0-876B-48D1-90B5-668A7E4FB4C8}.Release|Any CPU.Build.0 = Release|Any CPU
		{4E7C453F-D103-455E-B003-2026624CA2BF}.Debug|Any CPU.ActiveCfg = Debug|Any CPU
		{4E7C453F-D103-455E-B003-2026624CA2BF}.Debug|Any CPU.Build.0 = Debug|Any CPU
		{4E7C453F-D103-455E-B003-2026624CA2BF}.Release|Any CPU.ActiveCfg = Release|Any CPU
		{4E7C453F-D103-455E-B003-2026624CA2BF}.Release|Any CPU.Build.0 = Release|Any CPU
		{9FD3E3E2-2AE9-411E-9D79-D054FD183409}.Debug|Any CPU.ActiveCfg = Debug|Any CPU
		{9FD3E3E2-2AE9-411E-9D79-D054FD183409}.Debug|Any CPU.Build.0 = Debug|Any CPU
		{9FD3E3E2-2AE9-411E-9D79-D054FD183409}.Release|Any CPU.ActiveCfg = Release|Any CPU
		{9FD3E3E2-2AE9-411E-9D79-D054FD183409}.Release|Any CPU.Build.0 = Release|Any CPU
		{13266BEA-9D94-4394-B0A6-C33450E5C547}.Debug|Any CPU.ActiveCfg = Debug|Any CPU
		{13266BEA-9D94-4394-B0A6-C33450E5C547}.Debug|Any CPU.Build.0 = Debug|Any CPU
		{13266BEA-9D94-4394-B0A6-C33450E5C547}.Release|Any CPU.ActiveCfg = Release|Any CPU
		{13266BEA-9D94-4394-B0A6-C33450E5C547}.Release|Any CPU.Build.0 = Release|Any CPU
		{AC2B1253-59E8-436B-B528-534C3D2F7960}.Debug|Any CPU.ActiveCfg = Debug|Any CPU
		{AC2B1253-59E8-436B-B528-534C3D2F7960}.Debug|Any CPU.Build.0 = Debug|Any CPU
		{AC2B1253-59E8-436B-B528-534C3D2F7960}.Release|Any CPU.ActiveCfg = Release|Any CPU
		{AC2B1253-59E8-436B-B528-534C3D2F7960}.Release|Any CPU.Build.0 = Release|Any CPU
		{826095B7-CE1E-4337-806C-FB7DEF7D1EF0}.Debug|Any CPU.ActiveCfg = Debug|Any CPU
		{826095B7-CE1E-4337-806C-FB7DEF7D1EF0}.Debug|Any CPU.Build.0 = Debug|Any CPU
		{826095B7-CE1E-4337-806C-FB7DEF7D1EF0}.Release|Any CPU.ActiveCfg = Release|Any CPU
		{826095B7-CE1E-4337-806C-FB7DEF7D1EF0}.Release|Any CPU.Build.0 = Release|Any CPU
		{49B1249A-847B-4AC5-BD56-7ACA6396A9A1}.Debug|Any CPU.ActiveCfg = Debug|Any CPU
		{49B1249A-847B-4AC5-BD56-7ACA6396A9A1}.Debug|Any CPU.Build.0 = Debug|Any CPU
		{49B1249A-847B-4AC5-BD56-7ACA6396A9A1}.Release|Any CPU.ActiveCfg = Release|Any CPU
		{49B1249A-847B-4AC5-BD56-7ACA6396A9A1}.Release|Any CPU.Build.0 = Release|Any CPU
		{81DBB4BD-1F5D-4A85-8D82-D01B8CE88C9A}.Debug|Any CPU.ActiveCfg = Debug|Any CPU
		{81DBB4BD-1F5D-4A85-8D82-D01B8CE88C9A}.Debug|Any CPU.Build.0 = Debug|Any CPU
		{81DBB4BD-1F5D-4A85-8D82-D01B8CE88C9A}.Release|Any CPU.ActiveCfg = Release|Any CPU
		{81DBB4BD-1F5D-4A85-8D82-D01B8CE88C9A}.Release|Any CPU.Build.0 = Release|Any CPU
		{BF844319-7E01-4E40-BAFE-7F9849711343}.Debug|Any CPU.ActiveCfg = Debug|Any CPU
		{BF844319-7E01-4E40-BAFE-7F9849711343}.Debug|Any CPU.Build.0 = Debug|Any CPU
		{BF844319-7E01-4E40-BAFE-7F9849711343}.Release|Any CPU.ActiveCfg = Release|Any CPU
		{BF844319-7E01-4E40-BAFE-7F9849711343}.Release|Any CPU.Build.0 = Release|Any CPU
		{2CA5E46E-2338-4D23-88FA-C8235827DCF4}.Debug|Any CPU.ActiveCfg = Debug|Any CPU
		{2CA5E46E-2338-4D23-88FA-C8235827DCF4}.Debug|Any CPU.Build.0 = Debug|Any CPU
		{2CA5E46E-2338-4D23-88FA-C8235827DCF4}.Release|Any CPU.ActiveCfg = Release|Any CPU
		{2CA5E46E-2338-4D23-88FA-C8235827DCF4}.Release|Any CPU.Build.0 = Release|Any CPU
		{5FAF68C7-CED0-4514-B98D-652058245443}.Debug|Any CPU.ActiveCfg = Debug|Any CPU
		{5FAF68C7-CED0-4514-B98D-652058245443}.Debug|Any CPU.Build.0 = Debug|Any CPU
		{5FAF68C7-CED0-4514-B98D-652058245443}.Release|Any CPU.ActiveCfg = Release|Any CPU
		{5FAF68C7-CED0-4514-B98D-652058245443}.Release|Any CPU.Build.0 = Release|Any CPU
		{DA567651-E7D9-4979-9DFC-5EA0357BDA81}.Debug|Any CPU.ActiveCfg = Debug|Any CPU
		{DA567651-E7D9-4979-9DFC-5EA0357BDA81}.Debug|Any CPU.Build.0 = Debug|Any CPU
		{DA567651-E7D9-4979-9DFC-5EA0357BDA81}.Release|Any CPU.ActiveCfg = Release|Any CPU
		{DA567651-E7D9-4979-9DFC-5EA0357BDA81}.Release|Any CPU.Build.0 = Release|Any CPU
		{ECC1E230-CCB0-48E1-864F-59872D04AACA}.Debug|Any CPU.ActiveCfg = Debug|Any CPU
		{ECC1E230-CCB0-48E1-864F-59872D04AACA}.Debug|Any CPU.Build.0 = Debug|Any CPU
		{ECC1E230-CCB0-48E1-864F-59872D04AACA}.Release|Any CPU.ActiveCfg = Release|Any CPU
		{ECC1E230-CCB0-48E1-864F-59872D04AACA}.Release|Any CPU.Build.0 = Release|Any CPU
		{B52CDD11-A248-4028-825B-D50AB422D556}.Debug|Any CPU.ActiveCfg = Debug|Any CPU
		{B52CDD11-A248-4028-825B-D50AB422D556}.Debug|Any CPU.Build.0 = Debug|Any CPU
		{B52CDD11-A248-4028-825B-D50AB422D556}.Release|Any CPU.ActiveCfg = Release|Any CPU
		{B52CDD11-A248-4028-825B-D50AB422D556}.Release|Any CPU.Build.0 = Release|Any CPU
		{D88DE838-48C1-4E2B-9741-7E5B4AD92D79}.Debug|Any CPU.ActiveCfg = Debug|Any CPU
		{D88DE838-48C1-4E2B-9741-7E5B4AD92D79}.Debug|Any CPU.Build.0 = Debug|Any CPU
		{D88DE838-48C1-4E2B-9741-7E5B4AD92D79}.Release|Any CPU.ActiveCfg = Release|Any CPU
		{D88DE838-48C1-4E2B-9741-7E5B4AD92D79}.Release|Any CPU.Build.0 = Release|Any CPU
		{75A05668-5B24-4EBB-B3B6-3B11265441A1}.Debug|Any CPU.ActiveCfg = Debug|Any CPU
		{75A05668-5B24-4EBB-B3B6-3B11265441A1}.Debug|Any CPU.Build.0 = Debug|Any CPU
		{75A05668-5B24-4EBB-B3B6-3B11265441A1}.Release|Any CPU.ActiveCfg = Release|Any CPU
		{75A05668-5B24-4EBB-B3B6-3B11265441A1}.Release|Any CPU.Build.0 = Release|Any CPU
		{6E16D313-D080-4F88-99FB-2DB86F63AABD}.Debug|Any CPU.ActiveCfg = Debug|Any CPU
		{6E16D313-D080-4F88-99FB-2DB86F63AABD}.Debug|Any CPU.Build.0 = Debug|Any CPU
		{6E16D313-D080-4F88-99FB-2DB86F63AABD}.Release|Any CPU.ActiveCfg = Release|Any CPU
		{6E16D313-D080-4F88-99FB-2DB86F63AABD}.Release|Any CPU.Build.0 = Release|Any CPU
		{8B292C81-79BF-4DE4-A436-F8BF376D93FB}.Debug|Any CPU.ActiveCfg = Debug|Any CPU
		{8B292C81-79BF-4DE4-A436-F8BF376D93FB}.Debug|Any CPU.Build.0 = Debug|Any CPU
		{8B292C81-79BF-4DE4-A436-F8BF376D93FB}.Release|Any CPU.ActiveCfg = Release|Any CPU
		{8B292C81-79BF-4DE4-A436-F8BF376D93FB}.Release|Any CPU.Build.0 = Release|Any CPU
		{4B43DF44-C3DC-411A-A6B6-8A3A8ADA50B5}.Debug|Any CPU.ActiveCfg = Debug|Any CPU
		{4B43DF44-C3DC-411A-A6B6-8A3A8ADA50B5}.Debug|Any CPU.Build.0 = Debug|Any CPU
		{4B43DF44-C3DC-411A-A6B6-8A3A8ADA50B5}.Release|Any CPU.ActiveCfg = Release|Any CPU
		{4B43DF44-C3DC-411A-A6B6-8A3A8ADA50B5}.Release|Any CPU.Build.0 = Release|Any CPU
	EndGlobalSection
	GlobalSection(SolutionProperties) = preSolution
		HideSolutionNode = FALSE
	EndGlobalSection
	GlobalSection(NestedProjects) = preSolution
		{F721503D-26A7-485A-9790-25CA6CF6AA50} = {4F797745-1F32-4D47-BA2D-9487E21D4748}
		{59D0FC68-0037-48C7-A0A0-FDA4DE78CB80} = {4F797745-1F32-4D47-BA2D-9487E21D4748}
		{95C999DB-A87A-406E-9685-925FED80C362} = {4F797745-1F32-4D47-BA2D-9487E21D4748}
		{D595D4CC-5114-44AC-B4DC-313597E804FF} = {4F797745-1F32-4D47-BA2D-9487E21D4748}
		{BBAEA5A6-828D-497C-AD78-F76AA15651F1} = {4F797745-1F32-4D47-BA2D-9487E21D4748}
		{DF4D33E4-13C1-466C-8DBE-FEC8B00B9F15} = {4F797745-1F32-4D47-BA2D-9487E21D4748}
		{360D5856-2135-442C-95ED-E4D26DFF1737} = {4F797745-1F32-4D47-BA2D-9487E21D4748}
		{DF787505-786B-426A-B062-E45A95D032D5} = {4F797745-1F32-4D47-BA2D-9487E21D4748}
		{EF235474-1461-4F71-86EA-D804EDA1AF75} = {4F797745-1F32-4D47-BA2D-9487E21D4748}
		{685529E2-8F60-4FAA-A577-DC70EE17495A} = {4F797745-1F32-4D47-BA2D-9487E21D4748}
		{7EDC82F3-0392-4C76-83A5-C194AD20A24D} = {4F797745-1F32-4D47-BA2D-9487E21D4748}
		{2A7C78DC-3472-4D13-8607-1C3C931F1730} = {4F797745-1F32-4D47-BA2D-9487E21D4748}
		{F1886C0D-1EAA-46F6-BD3B-B1605231CD54} = {4F797745-1F32-4D47-BA2D-9487E21D4748}
		{D35245C0-BD6B-4C52-87A2-5A94DF85C3DC} = {4F797745-1F32-4D47-BA2D-9487E21D4748}
		{BEDF83A6-5271-4DC9-ADAB-3744A3281834} = {4F797745-1F32-4D47-BA2D-9487E21D4748}
		{EDF636CC-7B5E-4A1E-9010-B4663A041873} = {4F797745-1F32-4D47-BA2D-9487E21D4748}
		{C672D7E0-2CF3-4054-AA8D-489FA74722A4} = {4F797745-1F32-4D47-BA2D-9487E21D4748}
		{1EBFBE4C-3A7E-4447-8D23-564F89C659A9} = {4F797745-1F32-4D47-BA2D-9487E21D4748}
		{4A515B1E-FC2A-413A-BF24-5F5519006145} = {4F797745-1F32-4D47-BA2D-9487E21D4748}
		{926300C0-876B-48D1-90B5-668A7E4FB4C8} = {4F797745-1F32-4D47-BA2D-9487E21D4748}
		{4E7C453F-D103-455E-B003-2026624CA2BF} = {4F797745-1F32-4D47-BA2D-9487E21D4748}
		{9FD3E3E2-2AE9-411E-9D79-D054FD183409} = {4F797745-1F32-4D47-BA2D-9487E21D4748}
		{13266BEA-9D94-4394-B0A6-C33450E5C547} = {4F797745-1F32-4D47-BA2D-9487E21D4748}
		{AC2B1253-59E8-436B-B528-534C3D2F7960} = {4F797745-1F32-4D47-BA2D-9487E21D4748}
		{826095B7-CE1E-4337-806C-FB7DEF7D1EF0} = {4F797745-1F32-4D47-BA2D-9487E21D4748}
		{49B1249A-847B-4AC5-BD56-7ACA6396A9A1} = {4F797745-1F32-4D47-BA2D-9487E21D4748}
		{81DBB4BD-1F5D-4A85-8D82-D01B8CE88C9A} = {4F797745-1F32-4D47-BA2D-9487E21D4748}
		{BF844319-7E01-4E40-BAFE-7F9849711343} = {4F797745-1F32-4D47-BA2D-9487E21D4748}
		{2CA5E46E-2338-4D23-88FA-C8235827DCF4} = {4F797745-1F32-4D47-BA2D-9487E21D4748}
		{5FAF68C7-CED0-4514-B98D-652058245443} = {4F797745-1F32-4D47-BA2D-9487E21D4748}
		{DA567651-E7D9-4979-9DFC-5EA0357BDA81} = {4F797745-1F32-4D47-BA2D-9487E21D4748}
		{ECC1E230-CCB0-48E1-864F-59872D04AACA} = {4F797745-1F32-4D47-BA2D-9487E21D4748}
		{B52CDD11-A248-4028-825B-D50AB422D556} = {4F797745-1F32-4D47-BA2D-9487E21D4748}
		{D88DE838-48C1-4E2B-9741-7E5B4AD92D79} = {4F797745-1F32-4D47-BA2D-9487E21D4748}
		{75A05668-5B24-4EBB-B3B6-3B11265441A1} = {4F797745-1F32-4D47-BA2D-9487E21D4748}
		{6E16D313-D080-4F88-99FB-2DB86F63AABD} = {BEFD7195-738F-48EE-8841-0B579F55D5EA}
		{8B292C81-79BF-4DE4-A436-F8BF376D93FB} = {BEFD7195-738F-48EE-8841-0B579F55D5EA}
		{4B43DF44-C3DC-411A-A6B6-8A3A8ADA50B5} = {BEFD7195-738F-48EE-8841-0B579F55D5EA}
	EndGlobalSection
EndGlobal
