
Microsoft Visual Studio Solution File, Format Version 12.00
# Visual Studio 14
VisualStudioVersion = 14.0.24720.0
MinimumVisualStudioVersion = 10.0.40219.1
Project("{2150E333-8FDC-42A3-9474-1A3956D46DE8}") = "BusinessLogic", "BusinessLogic", "{4F797745-1F32-4D47-BA2D-9487E21D4748}"
EndProject
Project("{2150E333-8FDC-42A3-9474-1A3956D46DE8}") = "CrossCuttingConcerns", "CrossCuttingConcerns", "{A3D7CD4D-E996-49B3-A7B7-73B3C5FD0F97}"
EndProject
Project("{2150E333-8FDC-42A3-9474-1A3956D46DE8}") = "Clients", "Clients", "{9D56D458-690A-4A16-BC95-737D5D39661A}"
EndProject
Project("{2150E333-8FDC-42A3-9474-1A3956D46DE8}") = "Repositories", "Repositories", "{B0F3131D-635A-4F9F-9508-82C71C0104A0}"
EndProject
Project("{2150E333-8FDC-42A3-9474-1A3956D46DE8}") = "Domain", "Domain", "{47258453-96F2-414B-8B04-DAED0883CA71}"
EndProject
Project("{2150E333-8FDC-42A3-9474-1A3956D46DE8}") = "Documentation", "Documentation", "{4CEA9C11-4927-4BE2-9017-0696B1EA65C2}"
EndProject
Project("{FAE04EC0-301F-11D3-BF4B-00C04F79EFBC}") = "AttenuationCalculation", "AttenuationCalculation\AttenuationCalculation.csproj", "{F721503D-26A7-485A-9790-25CA6CF6AA50}"
EndProject
Project("{FAE04EC0-301F-11D3-BF4B-00C04F79EFBC}") = "AttenuationCalculationTests", "AttenuationCalculationTests\AttenuationCalculationTests.csproj", "{59D0FC68-0037-48C7-A0A0-FDA4DE78CB80}"
EndProject
Project("{FAE04EC0-301F-11D3-BF4B-00C04F79EFBC}") = "Core", "Core\Core.csproj", "{95C999DB-A87A-406E-9685-925FED80C362}"
EndProject
Project("{FAE04EC0-301F-11D3-BF4B-00C04F79EFBC}") = "AlcoholCalculation", "AlcoholCalculation\AlcoholCalculation.csproj", "{D595D4CC-5114-44AC-B4DC-313597E804FF}"
EndProject
Project("{FAE04EC0-301F-11D3-BF4B-00C04F79EFBC}") = "AlcoholCalculationTests", "AlcoholCalculationTests\AlcoholCalculationTests.csproj", "{BBAEA5A6-828D-497C-AD78-F76AA15651F1}"
EndProject
Project("{FAE04EC0-301F-11D3-BF4B-00C04F79EFBC}") = "BoilOffCalculation", "BoilOffCalculator\BoilOffCalculation.csproj", "{DF4D33E4-13C1-466C-8DBE-FEC8B00B9F15}"
EndProject
Project("{FAE04EC0-301F-11D3-BF4B-00C04F79EFBC}") = "BoilOffCalculationTests", "BoilOffCalculationTests\BoilOffCalculationTests.csproj", "{360D5856-2135-442C-95ED-E4D26DFF1737}"
EndProject
Project("{FAE04EC0-301F-11D3-BF4B-00C04F79EFBC}") = "VolumeShrinkageFromCoolingCalculationTests", "VolumeShrinkageFromCoolingCalculation\VolumeShrinkageFromCoolingCalculationTests.csproj", "{DF787505-786B-426A-B062-E45A95D032D5}"
EndProject
Project("{FAE04EC0-301F-11D3-BF4B-00C04F79EFBC}") = "VolumeShrinkageFromCoolingCalculation", "VolumeShrinkageFromCoolingCalculationClass\VolumeShrinkageFromCoolingCalculation.csproj", "{EF235474-1461-4F71-86EA-D804EDA1AF75}"
EndProject
Project("{FAE04EC0-301F-11D3-BF4B-00C04F79EFBC}") = "FinalVolumeCalculation", "FinalVolumeCalculation\FinalVolumeCalculation.csproj", "{685529E2-8F60-4FAA-A577-DC70EE17495A}"
EndProject
Project("{FAE04EC0-301F-11D3-BF4B-00C04F79EFBC}") = "FinalVolumeCalculationTests", "FinalVolumeCalculationTests\FinalVolumeCalculationTests.csproj", "{7EDC82F3-0392-4C76-83A5-C194AD20A24D}"
EndProject
Global
	GlobalSection(SolutionConfigurationPlatforms) = preSolution
		Debug|Any CPU = Debug|Any CPU
		Release|Any CPU = Release|Any CPU
	EndGlobalSection
	GlobalSection(ProjectConfigurationPlatforms) = postSolution
		{F721503D-26A7-485A-9790-25CA6CF6AA50}.Debug|Any CPU.ActiveCfg = Debug|Any CPU
		{F721503D-26A7-485A-9790-25CA6CF6AA50}.Debug|Any CPU.Build.0 = Debug|Any CPU
		{F721503D-26A7-485A-9790-25CA6CF6AA50}.Release|Any CPU.ActiveCfg = Release|Any CPU
		{F721503D-26A7-485A-9790-25CA6CF6AA50}.Release|Any CPU.Build.0 = Release|Any CPU
		{59D0FC68-0037-48C7-A0A0-FDA4DE78CB80}.Debug|Any CPU.ActiveCfg = Debug|Any CPU
		{59D0FC68-0037-48C7-A0A0-FDA4DE78CB80}.Debug|Any CPU.Build.0 = Debug|Any CPU
		{59D0FC68-0037-48C7-A0A0-FDA4DE78CB80}.Release|Any CPU.ActiveCfg = Release|Any CPU
		{59D0FC68-0037-48C7-A0A0-FDA4DE78CB80}.Release|Any CPU.Build.0 = Release|Any CPU
		{95C999DB-A87A-406E-9685-925FED80C362}.Debug|Any CPU.ActiveCfg = Debug|Any CPU
		{95C999DB-A87A-406E-9685-925FED80C362}.Debug|Any CPU.Build.0 = Debug|Any CPU
		{95C999DB-A87A-406E-9685-925FED80C362}.Release|Any CPU.ActiveCfg = Release|Any CPU
		{95C999DB-A87A-406E-9685-925FED80C362}.Release|Any CPU.Build.0 = Release|Any CPU
		{D595D4CC-5114-44AC-B4DC-313597E804FF}.Debug|Any CPU.ActiveCfg = Debug|Any CPU
		{D595D4CC-5114-44AC-B4DC-313597E804FF}.Debug|Any CPU.Build.0 = Debug|Any CPU
		{D595D4CC-5114-44AC-B4DC-313597E804FF}.Release|Any CPU.ActiveCfg = Release|Any CPU
		{D595D4CC-5114-44AC-B4DC-313597E804FF}.Release|Any CPU.Build.0 = Release|Any CPU
		{BBAEA5A6-828D-497C-AD78-F76AA15651F1}.Debug|Any CPU.ActiveCfg = Debug|Any CPU
		{BBAEA5A6-828D-497C-AD78-F76AA15651F1}.Debug|Any CPU.Build.0 = Debug|Any CPU
		{BBAEA5A6-828D-497C-AD78-F76AA15651F1}.Release|Any CPU.ActiveCfg = Release|Any CPU
		{BBAEA5A6-828D-497C-AD78-F76AA15651F1}.Release|Any CPU.Build.0 = Release|Any CPU
		{DF4D33E4-13C1-466C-8DBE-FEC8B00B9F15}.Debug|Any CPU.ActiveCfg = Debug|Any CPU
		{DF4D33E4-13C1-466C-8DBE-FEC8B00B9F15}.Debug|Any CPU.Build.0 = Debug|Any CPU
		{DF4D33E4-13C1-466C-8DBE-FEC8B00B9F15}.Release|Any CPU.ActiveCfg = Release|Any CPU
		{DF4D33E4-13C1-466C-8DBE-FEC8B00B9F15}.Release|Any CPU.Build.0 = Release|Any CPU
		{360D5856-2135-442C-95ED-E4D26DFF1737}.Debug|Any CPU.ActiveCfg = Debug|Any CPU
		{360D5856-2135-442C-95ED-E4D26DFF1737}.Debug|Any CPU.Build.0 = Debug|Any CPU
		{360D5856-2135-442C-95ED-E4D26DFF1737}.Release|Any CPU.ActiveCfg = Release|Any CPU
		{360D5856-2135-442C-95ED-E4D26DFF1737}.Release|Any CPU.Build.0 = Release|Any CPU
		{DF787505-786B-426A-B062-E45A95D032D5}.Debug|Any CPU.ActiveCfg = Debug|Any CPU
		{DF787505-786B-426A-B062-E45A95D032D5}.Debug|Any CPU.Build.0 = Debug|Any CPU
		{DF787505-786B-426A-B062-E45A95D032D5}.Release|Any CPU.ActiveCfg = Release|Any CPU
		{DF787505-786B-426A-B062-E45A95D032D5}.Release|Any CPU.Build.0 = Release|Any CPU
		{EF235474-1461-4F71-86EA-D804EDA1AF75}.Debug|Any CPU.ActiveCfg = Debug|Any CPU
		{EF235474-1461-4F71-86EA-D804EDA1AF75}.Debug|Any CPU.Build.0 = Debug|Any CPU
		{EF235474-1461-4F71-86EA-D804EDA1AF75}.Release|Any CPU.ActiveCfg = Release|Any CPU
		{EF235474-1461-4F71-86EA-D804EDA1AF75}.Release|Any CPU.Build.0 = Release|Any CPU
		{685529E2-8F60-4FAA-A577-DC70EE17495A}.Debug|Any CPU.ActiveCfg = Debug|Any CPU
		{685529E2-8F60-4FAA-A577-DC70EE17495A}.Debug|Any CPU.Build.0 = Debug|Any CPU
		{685529E2-8F60-4FAA-A577-DC70EE17495A}.Release|Any CPU.ActiveCfg = Release|Any CPU
		{685529E2-8F60-4FAA-A577-DC70EE17495A}.Release|Any CPU.Build.0 = Release|Any CPU
		{7EDC82F3-0392-4C76-83A5-C194AD20A24D}.Debug|Any CPU.ActiveCfg = Debug|Any CPU
		{7EDC82F3-0392-4C76-83A5-C194AD20A24D}.Debug|Any CPU.Build.0 = Debug|Any CPU
		{7EDC82F3-0392-4C76-83A5-C194AD20A24D}.Release|Any CPU.ActiveCfg = Release|Any CPU
		{7EDC82F3-0392-4C76-83A5-C194AD20A24D}.Release|Any CPU.Build.0 = Release|Any CPU
	EndGlobalSection
	GlobalSection(SolutionProperties) = preSolution
		HideSolutionNode = FALSE
	EndGlobalSection
	GlobalSection(NestedProjects) = preSolution
		{F721503D-26A7-485A-9790-25CA6CF6AA50} = {4F797745-1F32-4D47-BA2D-9487E21D4748}
		{59D0FC68-0037-48C7-A0A0-FDA4DE78CB80} = {4F797745-1F32-4D47-BA2D-9487E21D4748}
		{95C999DB-A87A-406E-9685-925FED80C362} = {4F797745-1F32-4D47-BA2D-9487E21D4748}
		{D595D4CC-5114-44AC-B4DC-313597E804FF} = {4F797745-1F32-4D47-BA2D-9487E21D4748}
		{BBAEA5A6-828D-497C-AD78-F76AA15651F1} = {4F797745-1F32-4D47-BA2D-9487E21D4748}
		{DF4D33E4-13C1-466C-8DBE-FEC8B00B9F15} = {4F797745-1F32-4D47-BA2D-9487E21D4748}
		{360D5856-2135-442C-95ED-E4D26DFF1737} = {4F797745-1F32-4D47-BA2D-9487E21D4748}
		{DF787505-786B-426A-B062-E45A95D032D5} = {4F797745-1F32-4D47-BA2D-9487E21D4748}
		{EF235474-1461-4F71-86EA-D804EDA1AF75} = {4F797745-1F32-4D47-BA2D-9487E21D4748}
		{685529E2-8F60-4FAA-A577-DC70EE17495A} = {4F797745-1F32-4D47-BA2D-9487E21D4748}
		{7EDC82F3-0392-4C76-83A5-C194AD20A24D} = {4F797745-1F32-4D47-BA2D-9487E21D4748}
	EndGlobalSection
EndGlobal
